Microsoft Visual Studio Solution File, Format Version 12.00
# Visual Studio Version 17
VisualStudioVersion = 17.0.31903.59
MinimumVisualStudioVersion = 10.0.40219.1
Project("{FAE04EC0-301F-11D3-BF4B-00C04F79EFBC}") = "Emby.SyncPlay", "src\Emby.SyncPlay\Emby.SyncPlay.csproj", "{50EF72AC-B9D5-4702-8995-859669D3AE4D}"
EndProject
Project("{FAE04EC0-301F-11D3-BF4B-00C04F79EFBC}") = "Emby.SyncPlay.Tests", "tests\Emby.SyncPlay.Tests\Emby.SyncPlay.Tests.csproj", "{F777CD59-C9C9-4E45-8E8D-94E0181AEF6A}"
EndProject
Global
	GlobalSection(SolutionConfigurationPlatforms) = preSolution
		Debug|Any CPU = Debug|Any CPU
		Release|Any CPU = Release|Any CPU
	EndGlobalSection
	GlobalSection(ProjectConfigurationPlatforms) = postSolution
		{50EF72AC-B9D5-4702-8995-859669D3AE4D}.Debug|Any CPU.ActiveCfg = Debug|Any CPU
		{50EF72AC-B9D5-4702-8995-859669D3AE4D}.Debug|Any CPU.Build.0 = Debug|Any CPU
		{50EF72AC-B9D5-4702-8995-859669D3AE4D}.Release|Any CPU.ActiveCfg = Release|Any CPU
		{50EF72AC-B9D5-4702-8995-859669D3AE4D}.Release|Any CPU.Build.0 = Release|Any CPU
		{F777CD59-C9C9-4E45-8E8D-94E0181AEF6A}.Debug|Any CPU.ActiveCfg = Debug|Any CPU
		{F777CD59-C9C9-4E45-8E8D-94E0181AEF6A}.Debug|Any CPU.Build.0 = Debug|Any CPU
		{F777CD59-C9C9-4E45-8E8D-94E0181AEF6A}.Release|Any CPU.ActiveCfg = Release|Any CPU
		{F777CD59-C9C9-4E45-8E8D-94E0181AEF6A}.Release|Any CPU.Build.0 = Release|Any CPU
	EndGlobalSection
EndGlobal

